<?xml version="1.0" encoding="utf-8"?>
<Project ToolsVersion="4.0" xmlns="http://schemas.microsoft.com/developer/msbuild/2003">
  <ItemGroup>
    <Filter Include="win32">
      <UniqueIdentifier>{84a8ebd7-7cf0-47f6-b75e-d441df67da40}</UniqueIdentifier>
    </Filter>
    <Filter Include="resource">
      <UniqueIdentifier>{715254bc-d70b-4ec5-bf29-467dd3ace079}</UniqueIdentifier>
    </Filter>
    <Filter Include="src">
      <UniqueIdentifier>{bb6c862e-70e9-49d9-81b7-3829a6f50471}</UniqueIdentifier>
    </Filter>
    <Filter Include="src\game">
      <UniqueIdentifier>{67fa490a-a073-4c75-9ff3-33e68734975b}</UniqueIdentifier>
    </Filter>
    <Filter Include="src\game\game_frame">
      <UniqueIdentifier>{6f03e81c-c5fe-42c9-8dfa-452622883e70}</UniqueIdentifier>
    </Filter>
    <Filter Include="src\game\game_map">
      <UniqueIdentifier>{7076b90f-c129-4301-81aa-71f187c5784a}</UniqueIdentifier>
    </Filter>
    <Filter Include="src\game\game_object">
      <UniqueIdentifier>{b4031722-7ee5-41ef-bef2-465f356933a5}</UniqueIdentifier>
    </Filter>
    <Filter Include="src\game\game_world">
      <UniqueIdentifier>{973a318e-3e75-4b64-9881-1f532b2446e7}</UniqueIdentifier>
    </Filter>
    <Filter Include="src\scene">
      <UniqueIdentifier>{26493081-2cb2-451a-81c6-6842a88287d1}</UniqueIdentifier>
    </Filter>
    <Filter Include="src\utility">
      <UniqueIdentifier>{a2421daa-6f68-45ab-8738-ac1a8d21ee3b}</UniqueIdentifier>
    </Filter>
    <Filter Include="src\utility\json">
      <UniqueIdentifier>{080f4bcf-b561-40f5-be60-a93860305aa6}</UniqueIdentifier>
    </Filter>
    <Filter Include="src\utility\math">
      <UniqueIdentifier>{07b1ea51-fd27-47cb-be48-ce4c98a47849}</UniqueIdentifier>
    </Filter>
    <Filter Include="src\utility\touch">
      <UniqueIdentifier>{030a3cfa-3822-4bb4-9928-5879f80828a7}</UniqueIdentifier>
    </Filter>
    <Filter Include="src\web">
      <UniqueIdentifier>{ee85f4a6-ab43-4446-a995-8984c0cd0180}</UniqueIdentifier>
    </Filter>
    <Filter Include="src\game\game_map\implements">
      <UniqueIdentifier>{6086b1c8-055a-45a4-abc4-67cc63cfffbf}</UniqueIdentifier>
    </Filter>
    <Filter Include="src\game\game_world\implements">
      <UniqueIdentifier>{763c5350-5067-482a-bdf6-b88bc264ceaf}</UniqueIdentifier>
    </Filter>
    <Filter Include="src\game\game_object\implements">
      <UniqueIdentifier>{f3a3ace1-9c2b-496f-9ad4-65888c2664ff}</UniqueIdentifier>
    </Filter>
    <Filter Include="src\game\game_object\implements\player">
      <UniqueIdentifier>{f1797b5c-2b88-4d5c-b44d-d733b675a715}</UniqueIdentifier>
    </Filter>
    <Filter Include="src\game\game_object\implements\bullet">
      <UniqueIdentifier>{8ccadeca-1371-449a-bff4-2fa0fd0f4f2c}</UniqueIdentifier>
    </Filter>
    <Filter Include="src\game\game_object\implements\bullet\bullet_1">
      <UniqueIdentifier>{ed8c3ac2-07ac-4215-a18b-0e88c46f27d4}</UniqueIdentifier>
    </Filter>
    <Filter Include="src\game\game_object\implements\particle">
      <UniqueIdentifier>{83a0f1e3-f53e-4885-bc5e-01fb8be18191}</UniqueIdentifier>
    </Filter>
    <Filter Include="src\game\game_object\implements\particle\particle_1">
      <UniqueIdentifier>{f1889078-ecee-4a97-bc5d-7de265b86faa}</UniqueIdentifier>
    </Filter>
    <Filter Include="src\game\game_object\implements\player\player_1">
      <UniqueIdentifier>{ed763fc8-1c71-476c-83d3-4a402283cbd7}</UniqueIdentifier>
    </Filter>
    <Filter Include="src\game\game_object\implements\map_decoration">
      <UniqueIdentifier>{cd2da36e-99c9-4cfb-b932-5de071692d04}</UniqueIdentifier>
    </Filter>
    <Filter Include="src\game\game_object\implements\map_decoration\decoration_1">
      <UniqueIdentifier>{b3bb3a0e-31e9-4076-8909-bb4e6186a207}</UniqueIdentifier>
    </Filter>
    <Filter Include="src\game\game_object\implements\map_decoration\decoration_2">
      <UniqueIdentifier>{219d3120-e3d1-4747-8ee3-ede3723f3b33}</UniqueIdentifier>
    </Filter>
  </ItemGroup>
  <ItemGroup>
    <ClCompile Include="main.cpp">
      <Filter>win32</Filter>
    </ClCompile>
    <ClCompile Include="..\Classes\AppDelegate.cpp">
      <Filter>src</Filter>
    </ClCompile>
    <ClCompile Include="..\Classes\game\game_frame\GameFrame.cpp">
      <Filter>src\game\game_frame</Filter>
    </ClCompile>
    <ClCompile Include="..\Classes\game\game_map\GameMap.cpp">
      <Filter>src\game\game_map</Filter>
    </ClCompile>
    <ClCompile Include="..\Classes\game\game_object\GameObject.cpp">
      <Filter>src\game\game_object</Filter>
    </ClCompile>
    <ClCompile Include="..\Classes\game\game_world\GameWorld.cpp">
      <Filter>src\game\game_world</Filter>
    </ClCompile>
    <ClCompile Include="..\Classes\scene\GameScene.cpp">
      <Filter>src\scene</Filter>
    </ClCompile>
    <ClCompile Include="..\Classes\utility\math\MyMath.cpp">
      <Filter>src\utility\math</Filter>
    </ClCompile>
    <ClCompile Include="..\Classes\utility\math\Random.cpp">
      <Filter>src\utility\math</Filter>
    </ClCompile>
    <ClCompile Include="..\Classes\utility\touch\Joystick.cpp">
      <Filter>src\utility\touch</Filter>
    </ClCompile>
    <ClCompile Include="..\Classes\utility\touch\TouchesPool.cpp">
      <Filter>src\utility\touch</Filter>
    </ClCompile>
    <ClCompile Include="..\Classes\utility\PhysicsShapeCache.cpp">
      <Filter>src\utility</Filter>
    </ClCompile>
    <ClCompile Include="..\Classes\utility\SpritePool.cpp">
      <Filter>src\utility</Filter>
    </ClCompile>
    <ClCompile Include="..\Classes\web\Connection.cpp">
      <Filter>src\web</Filter>
    </ClCompile>
    <ClCompile Include="..\Classes\web\ConnectionStatue.cpp">
      <Filter>src\web</Filter>
    </ClCompile>
    <ClCompile Include="..\Classes\scene\StartScene.cpp">
      <Filter>src\scene</Filter>
    </ClCompile>
    <ClCompile Include="..\Classes\game\game_map\implements\MapGenerator1.cpp">
      <Filter>src\game\game_map\implements</Filter>
    </ClCompile>
    <ClCompile Include="..\Classes\game\game_map\implements\MapGenerator2.cpp">
      <Filter>src\game\game_map\implements</Filter>
    </ClCompile>
    <ClCompile Include="..\Classes\game\game_map\implements\MapHelper1.cpp">
      <Filter>src\game\game_map\implements</Filter>
    </ClCompile>
    <ClCompile Include="..\Classes\game\game_map\implements\MapPhysics1.cpp">
      <Filter>src\game\game_map\implements</Filter>
    </ClCompile>
    <ClCompile Include="..\Classes\game\game_map\implements\MapPreRenderer1.cpp">
      <Filter>src\game\game_map\implements</Filter>
    </ClCompile>
    <ClCompile Include="..\Classes\game\game_world\implements\WorldRenderer1.cpp">
      <Filter>src\game\game_world\implements</Filter>
    </ClCompile>
    <ClCompile Include="..\Classes\game\game_object\implements\bullet\bullet_1\Bullet1AI.cpp">
      <Filter>src\game\game_object\implements\bullet\bullet_1</Filter>
    </ClCompile>
    <ClCompile Include="..\Classes\game\game_object\implements\bullet\bullet_1\Bullet1Physics.cpp">
      <Filter>src\game\game_object\implements\bullet\bullet_1</Filter>
    </ClCompile>
    <ClCompile Include="..\Classes\game\game_object\implements\particle\particle_1\Particle1AI.cpp">
      <Filter>src\game\game_object\implements\particle\particle_1</Filter>
    </ClCompile>
    <ClCompile Include="..\Classes\game\game_object\implements\particle\particle_1\Particle1Physics.cpp">
      <Filter>src\game\game_object\implements\particle\particle_1</Filter>
    </ClCompile>
    <ClCompile Include="..\Classes\game\game_object\implements\player\player_1\Player1AI.cpp">
      <Filter>src\game\game_object\implements\player\player_1</Filter>
    </ClCompile>
    <ClCompile Include="..\Classes\game\game_object\implements\player\player_1\Player1Physics.cpp">
      <Filter>src\game\game_object\implements\player\player_1</Filter>
    </ClCompile>
    <ClCompile Include="..\Classes\game\game_object\implements\bullet\bullet_1\Bullet1.cpp">
      <Filter>src\game\game_object\implements\bullet\bullet_1</Filter>
    </ClCompile>
    <ClCompile Include="..\Classes\game\game_object\implements\particle\particle_1\Particle1.cpp">
      <Filter>src\game\game_object\implements\particle\particle_1</Filter>
    </ClCompile>
    <ClCompile Include="..\Classes\game\game_object\implements\player\player_1\Player1.cpp">
      <Filter>src\game\game_object\implements\player\player_1</Filter>
    </ClCompile>
    <ClCompile Include="..\Classes\game\game_map\implements\MapDecorationCreator1.cpp">
      <Filter>src\game\game_map\implements</Filter>
    </ClCompile>
    <ClCompile Include="..\Classes\game\game_object\implements\mpa_decoration\decoration_1\Decoration1.cpp">
      <Filter>src\game\game_object\implements\map_decoration\decoration_1</Filter>
    </ClCompile>
    <ClCompile Include="..\Classes\game\game_object\implements\mpa_decoration\decoration_1\Decoration1AI.cpp">
      <Filter>src\game\game_object\implements\map_decoration\decoration_1</Filter>
    </ClCompile>
    <ClCompile Include="..\Classes\game\game_object\implements\mpa_decoration\decoration_2\Decoration2.cpp">
      <Filter>src\game\game_object\implements\map_decoration\decoration_2</Filter>
    </ClCompile>
    <ClCompile Include="..\Classes\game\game_object\implements\mpa_decoration\decoration_2\Decoration2AI.cpp">
      <Filter>src\game\game_object\implements\map_decoration\decoration_2</Filter>
    </ClCompile>
  </ItemGroup>
  <ItemGroup>
    <ClInclude Include="main.h">
      <Filter>win32</Filter>
    </ClInclude>
    <ClInclude Include="..\Classes\AppDelegate.h">
      <Filter>src</Filter>
    </ClInclude>
    <ClInclude Include="..\Classes\game\game_frame\GameFrame.h">
      <Filter>src\game\game_frame</Filter>
    </ClInclude>
    <ClInclude Include="..\Classes\game\game_map\GameMap.h">
      <Filter>src\game\game_map</Filter>
    </ClInclude>
    <ClInclude Include="..\Classes\game\game_object\GameObject.h">
      <Filter>src\game\game_object</Filter>
    </ClInclude>
    <ClInclude Include="..\Classes\game\game_world\GameWorld.h">
      <Filter>src\game\game_world</Filter>
    </ClInclude>
    <ClInclude Include="..\Classes\scene\GameScene.h">
      <Filter>src\scene</Filter>
    </ClInclude>
    <ClInclude Include="..\Classes\utility\json\addon_json.hpp">
      <Filter>src\utility\json</Filter>
    </ClInclude>
    <ClInclude Include="..\Classes\utility\json\json.h">
      <Filter>src\utility\json</Filter>
    </ClInclude>
    <ClInclude Include="..\Classes\utility\math\iVec2.h">
      <Filter>src\utility\math</Filter>
    </ClInclude>
    <ClInclude Include="..\Classes\utility\math\MyMath.h">
      <Filter>src\utility\math</Filter>
    </ClInclude>
    <ClInclude Include="..\Classes\utility\math\Random.h">
      <Filter>src\utility\math</Filter>
    </ClInclude>
    <ClInclude Include="..\Classes\utility\touch\Joystick.h">
      <Filter>src\utility\touch</Filter>
    </ClInclude>
    <ClInclude Include="..\Classes\utility\touch\TouchesPool.h">
      <Filter>src\utility\touch</Filter>
    </ClInclude>
    <ClInclude Include="..\Classes\utility\PhysicsShapeCache.h">
      <Filter>src\utility</Filter>
    </ClInclude>
    <ClInclude Include="..\Classes\utility\QuadTree.h">
      <Filter>src\utility</Filter>
    </ClInclude>
    <ClInclude Include="..\Classes\utility\SpritePool.h">
      <Filter>src\utility</Filter>
    </ClInclude>
    <ClInclude Include="..\Classes\utility\Tools.h">
      <Filter>src\utility</Filter>
    </ClInclude>
    <ClInclude Include="..\Classes\web\Connection.h">
      <Filter>src\web</Filter>
    </ClInclude>
    <ClInclude Include="..\Classes\web\ConnectionStatue.h">
      <Filter>src\web</Filter>
    </ClInclude>
    <ClInclude Include="..\Classes\scene\StartScene.h">
      <Filter>src\scene</Filter>
    </ClInclude>
    <ClInclude Include="..\Classes\game\game_map\implements\MapGenerator1.h">
      <Filter>src\game\game_map\implements</Filter>
    </ClInclude>
    <ClInclude Include="..\Classes\game\game_map\implements\MapGenerator2.h">
      <Filter>src\game\game_map\implements</Filter>
    </ClInclude>
    <ClInclude Include="..\Classes\game\game_map\implements\MapHelper1.h">
      <Filter>src\game\game_map\implements</Filter>
    </ClInclude>
    <ClInclude Include="..\Classes\game\game_map\implements\MapPhysics1.h">
      <Filter>src\game\game_map\implements</Filter>
    </ClInclude>
    <ClInclude Include="..\Classes\game\game_map\implements\MapPreRenderer1.h">
      <Filter>src\game\game_map\implements</Filter>
    </ClInclude>
    <ClInclude Include="..\Classes\game\game_world\implements\WorldRenderer1.h">
      <Filter>src\game\game_world\implements</Filter>
    </ClInclude>
    <ClInclude Include="..\Classes\game\game_object\implements\bullet\bullet_1\Bullet1AI.h">
      <Filter>src\game\game_object\implements\bullet\bullet_1</Filter>
    </ClInclude>
    <ClInclude Include="..\Classes\game\game_object\implements\bullet\bullet_1\Bullet1Physics.h">
      <Filter>src\game\game_object\implements\bullet\bullet_1</Filter>
    </ClInclude>
    <ClInclude Include="..\Classes\game\game_object\implements\particle\particle_1\Particle1AI.h">
      <Filter>src\game\game_object\implements\particle\particle_1</Filter>
    </ClInclude>
    <ClInclude Include="..\Classes\game\game_object\implements\particle\particle_1\Particle1Physics.h">
      <Filter>src\game\game_object\implements\particle\particle_1</Filter>
    </ClInclude>
    <ClInclude Include="..\Classes\game\game_object\implements\player\player_1\Player1AI.h">
      <Filter>src\game\game_object\implements\player\player_1</Filter>
    </ClInclude>
    <ClInclude Include="..\Classes\game\game_object\implements\player\player_1\Player1Physics.h">
      <Filter>src\game\game_object\implements\player\player_1</Filter>
    </ClInclude>
    <ClInclude Include="..\Classes\game\game_object\implements\bullet\bullet_1\Bullet1.h">
      <Filter>src\game\game_object\implements\bullet\bullet_1</Filter>
    </ClInclude>
    <ClInclude Include="..\Classes\game\game_object\implements\particle\particle_1\Particle1.h">
      <Filter>src\game\game_object\implements\particle\particle_1</Filter>
    </ClInclude>
    <ClInclude Include="..\Classes\game\game_object\implements\player\player_1\Player1.h">
      <Filter>src\game\game_object\implements\player\player_1</Filter>
    </ClInclude>
    <ClInclude Include="..\Classes\game\game_map\implements\MapDecorationCreator1.h">
      <Filter>src\game\game_map\implements</Filter>
    </ClInclude>
    <ClInclude Include="..\Classes\game\game_object\implements\mpa_decoration\decoration_1\Decoration1.h">
      <Filter>src\game\game_object\implements\map_decoration\decoration_1</Filter>
    </ClInclude>
    <ClInclude Include="..\Classes\game\game_object\implements\mpa_decoration\decoration_1\Decoration1AI.h">
      <Filter>src\game\game_object\implements\map_decoration\decoration_1</Filter>
    </ClInclude>
    <ClInclude Include="..\Classes\game\game_object\implements\mpa_decoration\decoration_2\Decoration2.h">
      <Filter>src\game\game_object\implements\map_decoration\decoration_2</Filter>
    </ClInclude>
    <ClInclude Include="..\Classes\game\game_object\implements\mpa_decoration\decoration_2\Decoration2AI.h">
      <Filter>src\game\game_object\implements\map_decoration\decoration_2</Filter>
    </ClInclude>
  </ItemGroup>
  <ItemGroup>
    <ResourceCompile Include="game.rc">
      <Filter>resource</Filter>
    </ResourceCompile>
  </ItemGroup>
  <ItemGroup>
    <None Include="..\Classes\utility\math\iVec2.inl">
      <Filter>src\utility\math</Filter>
    </None>
  </ItemGroup>
</Project>