<?xml version="1.0" encoding="utf-8"?>
<Project ToolsVersion="4.0" xmlns="http://schemas.microsoft.com/developer/msbuild/2003">
  <ItemGroup>
    <Filter Include="win32">
      <UniqueIdentifier>{84a8ebd7-7cf0-47f6-b75e-d441df67da40}</UniqueIdentifier>
    </Filter>
    <Filter Include="resource">
      <UniqueIdentifier>{715254bc-d70b-4ec5-bf29-467dd3ace079}</UniqueIdentifier>
    </Filter>
    <Filter Include="src">
      <UniqueIdentifier>{bb6c862e-70e9-49d9-81b7-3829a6f50471}</UniqueIdentifier>
    </Filter>
    <Filter Include="src\web">
      <UniqueIdentifier>{a93cbb73-e472-473c-86c5-e5b7ad52273a}</UniqueIdentifier>
    </Filter>
    <Filter Include="src\game">
      <UniqueIdentifier>{d19d731c-bf39-4939-8f6d-505c0a7ea2fc}</UniqueIdentifier>
    </Filter>
    <Filter Include="src\tools">
      <UniqueIdentifier>{5620b623-4afd-48b0-aedf-75596b88a0b5}</UniqueIdentifier>
    </Filter>
  </ItemGroup>
  <ItemGroup>
    <ClCompile Include="main.cpp">
      <Filter>win32</Filter>
    </ClCompile>
    <ClCompile Include="..\Classes\AppDelegate.cpp">
      <Filter>src</Filter>
    </ClCompile>
    <ClCompile Include="..\Classes\HelloWorldScene.cpp">
      <Filter>src</Filter>
    </ClCompile>
    <ClCompile Include="..\Classes\Connection.cpp">
      <Filter>src\web</Filter>
    </ClCompile>
    <ClCompile Include="..\Classes\ConnectionStatue.cpp">
      <Filter>src\web</Filter>
    </ClCompile>
    <ClCompile Include="..\Classes\GameComponent.cpp">
      <Filter>src\game</Filter>
    </ClCompile>
    <ClCompile Include="..\Classes\GameMap.cpp">
      <Filter>src\game</Filter>
    </ClCompile>
    <ClCompile Include="..\Classes\GameObject.cpp">
      <Filter>src\game</Filter>
    </ClCompile>
    <ClCompile Include="..\Classes\GameWorld.cpp">
      <Filter>src\game</Filter>
    </ClCompile>
    <ClCompile Include="..\Classes\Random.cpp">
      <Filter>src\tools</Filter>
    </ClCompile>
    <ClCompile Include="..\Classes\SpritePool.cpp">
      <Filter>src\tools</Filter>
    </ClCompile>
    <ClCompile Include="..\Classes\PhysicsShapeCache.cpp">
      <Filter>src\tools</Filter>
    </ClCompile>
    <ClCompile Include="..\Classes\GameScene.cpp">
      <Filter>src</Filter>
    </ClCompile>
    <ClCompile Include="..\Classes\MyMath.cpp">
      <Filter>src\tools</Filter>
    </ClCompile>
    <ClCompile Include="..\Classes\GameFrame.cpp">
      <Filter>src\game</Filter>
    </ClCompile>
    <ClCompile Include="..\Classes\TouchesPool.cpp">
      <Filter>src\tools</Filter>
    </ClCompile>
    <ClCompile Include="..\Classes\Joystick.cpp">
      <Filter>src\tools</Filter>
    </ClCompile>
  </ItemGroup>
  <ItemGroup>
    <ClInclude Include="main.h">
      <Filter>win32</Filter>
    </ClInclude>
    <ClInclude Include="..\Classes\AppDelegate.h">
      <Filter>src</Filter>
    </ClInclude>
    <ClInclude Include="..\Classes\HelloWorldScene.h">
      <Filter>src</Filter>
    </ClInclude>
    <ClInclude Include="..\Classes\Connection.h">
      <Filter>src\web</Filter>
    </ClInclude>
    <ClInclude Include="..\Classes\ConnectionStatue.h">
      <Filter>src\web</Filter>
    </ClInclude>
    <ClInclude Include="..\Classes\GameMap.h">
      <Filter>src\game</Filter>
    </ClInclude>
    <ClInclude Include="..\Classes\GameObject.h">
      <Filter>src\game</Filter>
    </ClInclude>
    <ClInclude Include="..\Classes\GameWorld.h">
      <Filter>src\game</Filter>
    </ClInclude>
    <ClInclude Include="..\Classes\QuadTree.h">
      <Filter>src\tools</Filter>
    </ClInclude>
    <ClInclude Include="..\Classes\Random.h">
      <Filter>src\tools</Filter>
    </ClInclude>
    <ClInclude Include="..\Classes\SpritePool.h">
      <Filter>src\tools</Filter>
    </ClInclude>
    <ClInclude Include="..\Classes\Tools.h">
      <Filter>src\tools</Filter>
    </ClInclude>
    <ClInclude Include="..\Classes\PhysicsShapeCache.h">
      <Filter>src\tools</Filter>
    </ClInclude>
    <ClInclude Include="..\Classes\GameScene.h">
      <Filter>src</Filter>
    </ClInclude>
    <ClInclude Include="..\Classes\json.h">
      <Filter>src\tools</Filter>
    </ClInclude>
    <ClInclude Include="..\Classes\addon_json.hpp">
      <Filter>src\tools</Filter>
    </ClInclude>
    <ClInclude Include="..\Classes\iVec2.h">
      <Filter>src\tools</Filter>
    </ClInclude>
    <ClInclude Include="..\Classes\MyMath.h">
      <Filter>src\tools</Filter>
    </ClInclude>
    <ClInclude Include="..\Classes\GameFrame.h">
      <Filter>src\game</Filter>
    </ClInclude>
    <ClInclude Include="..\Classes\TouchesPool.h">
      <Filter>src\tools</Filter>
    </ClInclude>
    <ClInclude Include="..\Classes\Joystick.h">
      <Filter>src\tools</Filter>
    </ClInclude>
    <ClInclude Include="..\Classes\GameComponent.h">
      <Filter>src\game</Filter>
    </ClInclude>
  </ItemGroup>
  <ItemGroup>
    <ResourceCompile Include="game.rc">
      <Filter>resource</Filter>
    </ResourceCompile>
  </ItemGroup>
  <ItemGroup>
    <None Include="..\Classes\iVec2.inl">
      <Filter>src\tools</Filter>
    </None>
  </ItemGroup>
</Project>